
Microsoft Visual Studio Solution File, Format Version 12.00
# Visual Studio Version 16
VisualStudioVersion = 16.0.34301.259
MinimumVisualStudioVersion = 10.0.40219.1
Project("{FAE04EC0-301F-11D3-BF4B-00C04F79EFBC}") = "Incident_Reporting", "Incident_Reporting\Incident_Reporting.csproj", "{C2FA1447-9C26-423D-B780-1C047CA45AE5}"
EndProject
Global
	GlobalSection(SolutionConfigurationPlatforms) = preSolution
		Debug|Any CPU = Debug|Any CPU
		Release|Any CPU = Release|Any CPU
	EndGlobalSection
	GlobalSection(ProjectConfigurationPlatforms) = postSolution
		{C2FA1447-9C26-423D-B780-1C047CA45AE5}.Debug|Any CPU.ActiveCfg = Debug|Any CPU
		{C2FA1447-9C26-423D-B780-1C047CA45AE5}.Debug|Any CPU.Build.0 = Debug|Any CPU
		{C2FA1447-9C26-423D-B780-1C047CA45AE5}.Release|Any CPU.ActiveCfg = Release|Any CPU
		{C2FA1447-9C26-423D-B780-1C047CA45AE5}.Release|Any CPU.Build.0 = Release|Any CPU
	EndGlobalSection
	GlobalSection(SolutionProperties) = preSolution
		HideSolutionNode = FALSE
	EndGlobalSection
	GlobalSection(ExtensibilityGlobals) = postSolution
		SolutionGuid = {78D5C80B-D56F-4046-B370-C870D01118DA}
	EndGlobalSection
EndGlobal
